
Microsoft Visual Studio Solution File, Format Version 12.00
# Visual Studio Version 16
VisualStudioVersion = 16.0.31313.79
MinimumVisualStudioVersion = 10.0.40219.1
Project("{FAE04EC0-301F-11D3-BF4B-00C04F79EFBC}") = "OCMS", "OCMS\OCMS.csproj", "{96827FBE-2704-4DF1-8E4E-48E0509453C9}"
EndProject
Global
	GlobalSection(SolutionConfigurationPlatforms) = preSolution
		Debug|Any CPU = Debug|Any CPU
		Release|Any CPU = Release|Any CPU
	EndGlobalSection
	GlobalSection(ProjectConfigurationPlatforms) = postSolution
		{96827FBE-2704-4DF1-8E4E-48E0509453C9}.Debug|Any CPU.ActiveCfg = Debug|Any CPU
		{96827FBE-2704-4DF1-8E4E-48E0509453C9}.Debug|Any CPU.Build.0 = Debug|Any CPU
		{96827FBE-2704-4DF1-8E4E-48E0509453C9}.Release|Any CPU.ActiveCfg = Release|Any CPU
		{96827FBE-2704-4DF1-8E4E-48E0509453C9}.Release|Any CPU.Build.0 = Release|Any CPU
	EndGlobalSection
	GlobalSection(SolutionProperties) = preSolution
		HideSolutionNode = FALSE
	EndGlobalSection
	GlobalSection(ExtensibilityGlobals) = postSolution
		SolutionGuid = {35FD5D8B-2BB2-4F2C-958A-AFBCF743C762}
	EndGlobalSection
EndGlobal
